
Microsoft Visual Studio Solution File, Format Version 12.00
# Visual Studio 14
VisualStudioVersion = 14.0.24720.0
MinimumVisualStudioVersion = 10.0.40219.1
Project("{FAE04EC0-301F-11D3-BF4B-00C04F79EFBC}") = "SwarmSight", "SwarmSight.csproj", "{74412F3E-6822-40D4-99C0-965946F688D3}"
EndProject
Project("{FAE04EC0-301F-11D3-BF4B-00C04F79EFBC}") = "SwarmSight.VideoPlayer", "..\SwarmSight.VideoPlayer\SwarmSight.VideoPlayer.csproj", "{D9309E36-4008-4F68-B08F-9CC2CFBAA53A}"
EndProject
Project("{FAE04EC0-301F-11D3-BF4B-00C04F79EFBC}") = "SwarmSight.Stats", "..\SwarmSight.Stats\SwarmSight.Stats.csproj", "{D5640FC6-0344-43AF-A30B-59F2C30D1A18}"
EndProject
Project("{FAE04EC0-301F-11D3-BF4B-00C04F79EFBC}") = "SwarmSight.Filters", "..\SwarmSight.Filters\SwarmSight.Filters.csproj", "{FB2B2220-9B5D-4BB2-B41C-7D19854FFA78}"
EndProject
Project("{FAE04EC0-301F-11D3-BF4B-00C04F79EFBC}") = "SwarmSight.Hardware", "..\SwarmSight.GPU\SwarmSight.Hardware.csproj", "{B880E4CB-AAD4-48FD-BFEF-63108C9C41CC}"
EndProject
Project("{FAE04EC0-301F-11D3-BF4B-00C04F79EFBC}") = "SwarmSight.MotionTracking", "..\SwarmSight.MotionTracking\SwarmSight.MotionTracking.csproj", "{15ABADD1-A340-442B-AF36-9E399FF2F9F1}"
EndProject
Global
	GlobalSection(SolutionConfigurationPlatforms) = preSolution
		Debug|Any CPU = Debug|Any CPU
		Release|Any CPU = Release|Any CPU
	EndGlobalSection
	GlobalSection(ProjectConfigurationPlatforms) = postSolution
		{74412F3E-6822-40D4-99C0-965946F688D3}.Debug|Any CPU.ActiveCfg = Debug|Any CPU
		{74412F3E-6822-40D4-99C0-965946F688D3}.Debug|Any CPU.Build.0 = Debug|Any CPU
		{74412F3E-6822-40D4-99C0-965946F688D3}.Release|Any CPU.ActiveCfg = Release|Any CPU
		{74412F3E-6822-40D4-99C0-965946F688D3}.Release|Any CPU.Build.0 = Release|Any CPU
		{D9309E36-4008-4F68-B08F-9CC2CFBAA53A}.Debug|Any CPU.ActiveCfg = Debug|Any CPU
		{D9309E36-4008-4F68-B08F-9CC2CFBAA53A}.Debug|Any CPU.Build.0 = Debug|Any CPU
		{D9309E36-4008-4F68-B08F-9CC2CFBAA53A}.Release|Any CPU.ActiveCfg = Release|Any CPU
		{D9309E36-4008-4F68-B08F-9CC2CFBAA53A}.Release|Any CPU.Build.0 = Release|Any CPU
		{D5640FC6-0344-43AF-A30B-59F2C30D1A18}.Debug|Any CPU.ActiveCfg = Debug|Any CPU
		{D5640FC6-0344-43AF-A30B-59F2C30D1A18}.Debug|Any CPU.Build.0 = Debug|Any CPU
		{D5640FC6-0344-43AF-A30B-59F2C30D1A18}.Release|Any CPU.ActiveCfg = Release|Any CPU
		{D5640FC6-0344-43AF-A30B-59F2C30D1A18}.Release|Any CPU.Build.0 = Release|Any CPU
		{FB2B2220-9B5D-4BB2-B41C-7D19854FFA78}.Debug|Any CPU.ActiveCfg = Debug|Any CPU
		{FB2B2220-9B5D-4BB2-B41C-7D19854FFA78}.Debug|Any CPU.Build.0 = Debug|Any CPU
		{FB2B2220-9B5D-4BB2-B41C-7D19854FFA78}.Release|Any CPU.ActiveCfg = Release|Any CPU
		{FB2B2220-9B5D-4BB2-B41C-7D19854FFA78}.Release|Any CPU.Build.0 = Release|Any CPU
		{B880E4CB-AAD4-48FD-BFEF-63108C9C41CC}.Debug|Any CPU.ActiveCfg = Debug|Any CPU
		{B880E4CB-AAD4-48FD-BFEF-63108C9C41CC}.Debug|Any CPU.Build.0 = Debug|Any CPU
		{B880E4CB-AAD4-48FD-BFEF-63108C9C41CC}.Release|Any CPU.ActiveCfg = Release|Any CPU
		{B880E4CB-AAD4-48FD-BFEF-63108C9C41CC}.Release|Any CPU.Build.0 = Release|Any CPU
		{15ABADD1-A340-442B-AF36-9E399FF2F9F1}.Debug|Any CPU.ActiveCfg = Debug|Any CPU
		{15ABADD1-A340-442B-AF36-9E399FF2F9F1}.Debug|Any CPU.Build.0 = Debug|Any CPU
		{15ABADD1-A340-442B-AF36-9E399FF2F9F1}.Release|Any CPU.ActiveCfg = Release|Any CPU
		{15ABADD1-A340-442B-AF36-9E399FF2F9F1}.Release|Any CPU.Build.0 = Release|Any CPU
	EndGlobalSection
	GlobalSection(SolutionProperties) = preSolution
		HideSolutionNode = FALSE
	EndGlobalSection
EndGlobal
